
Microsoft Visual Studio Solution File, Format Version 12.00
# Visual Studio Version 17
VisualStudioVersion = 17.0.31903.59
MinimumVisualStudioVersion = 10.0.40219.1
Project("{9A19103F-16F7-4668-BE54-9A1E7A4F7556}") = "AutoKams", "AutoKams\AutoKams.csproj", "{2531DA46-F020-443D-B48B-99BA0A2D84F8}"
EndProject
Global
	GlobalSection(SolutionConfigurationPlatforms) = preSolution
		Debug|Any CPU = Debug|Any CPU
		Release|Any CPU = Release|Any CPU
	EndGlobalSection
	GlobalSection(ProjectConfigurationPlatforms) = postSolution
		{2531DA46-F020-443D-B48B-99BA0A2D84F8}.Debug|Any CPU.ActiveCfg = Debug|Any CPU
		{2531DA46-F020-443D-B48B-99BA0A2D84F8}.Debug|Any CPU.Build.0 = Debug|Any CPU
		{2531DA46-F020-443D-B48B-99BA0A2D84F8}.Release|Any CPU.ActiveCfg = Release|Any CPU
		{2531DA46-F020-443D-B48B-99BA0A2D84F8}.Release|Any CPU.Build.0 = Release|Any CPU
	EndGlobalSection
	GlobalSection(SolutionProperties) = preSolution
		HideSolutionNode = FALSE
	EndGlobalSection
	GlobalSection(ExtensibilityGlobals) = postSolution
		SolutionGuid = {1D5F4FC6-9F04-468C-9156-BFC16FA3D6B5}
	EndGlobalSection
EndGlobal
